
Microsoft Visual Studio Solution File, Format Version 12.00
# Visual Studio Version 17
VisualStudioVersion = 17.0.31903.59
MinimumVisualStudioVersion = 10.0.40219.1
Project("{2150E333-8FDC-42A3-9474-1A3956D46DE8}") = "src", "src", "{827E0CD3-B72D-47B6-A68D-7590B98EB39B}"
EndProject
Project("{FAE04EC0-301F-11D3-BF4B-00C04F79EFBC}") = "CSVForge.App.Wpf", "src\CSVForge.App.Wpf\CSVForge.App.Wpf.csproj", "{278CC952-2FA6-4F72-943A-705B8A8EC992}"
EndProject
Project("{FAE04EC0-301F-11D3-BF4B-00C04F79EFBC}") = "CSVForge.Application", "src\CSVForge.Application\CSVForge.Application.csproj", "{25A06DAA-F8E2-410E-9242-BFF2CC3D6D9E}"
EndProject
Project("{FAE04EC0-301F-11D3-BF4B-00C04F79EFBC}") = "CSVForge.Domain", "src\CSVForge.Domain\CSVForge.Domain.csproj", "{1789F725-EF82-4E61-A342-86704752C5F3}"
EndProject
Project("{FAE04EC0-301F-11D3-BF4B-00C04F79EFBC}") = "CSVForge.Infrastructure", "src\CSVForge.Infrastructure\CSVForge.Infrastructure.csproj", "{03D35F42-97F4-40D3-88CC-33DBF08DFA35}"
EndProject
Project("{FAE04EC0-301F-11D3-BF4B-00C04F79EFBC}") = "CSVForge.Cli", "src\CSVForge.Cli\CSVForge.Cli.csproj", "{85C5F640-81EF-4B0C-8FFB-BC5BFB6560C5}"
EndProject
Project("{FAE04EC0-301F-11D3-BF4B-00C04F79EFBC}") = "CSVForge.Tests", "tests\CSVForge.Tests\CSVForge.Tests.csproj", "{CE56BF7E-0487-4306-961C-33475F2B4D29}"
EndProject
Global
	GlobalSection(SolutionConfigurationPlatforms) = preSolution
		Debug|Any CPU = Debug|Any CPU
		Debug|x64 = Debug|x64
		Debug|x86 = Debug|x86
		Release|Any CPU = Release|Any CPU
		Release|x64 = Release|x64
		Release|x86 = Release|x86
	EndGlobalSection
	GlobalSection(ProjectConfigurationPlatforms) = postSolution
		{278CC952-2FA6-4F72-943A-705B8A8EC992}.Debug|Any CPU.ActiveCfg = Debug|Any CPU
		{278CC952-2FA6-4F72-943A-705B8A8EC992}.Debug|Any CPU.Build.0 = Debug|Any CPU
		{278CC952-2FA6-4F72-943A-705B8A8EC992}.Debug|x64.ActiveCfg = Debug|Any CPU
		{278CC952-2FA6-4F72-943A-705B8A8EC992}.Debug|x64.Build.0 = Debug|Any CPU
		{278CC952-2FA6-4F72-943A-705B8A8EC992}.Debug|x86.ActiveCfg = Debug|Any CPU
		{278CC952-2FA6-4F72-943A-705B8A8EC992}.Debug|x86.Build.0 = Debug|Any CPU
		{278CC952-2FA6-4F72-943A-705B8A8EC992}.Release|Any CPU.ActiveCfg = Release|Any CPU
		{278CC952-2FA6-4F72-943A-705B8A8EC992}.Release|Any CPU.Build.0 = Release|Any CPU
		{278CC952-2FA6-4F72-943A-705B8A8EC992}.Release|x64.ActiveCfg = Release|Any CPU
		{278CC952-2FA6-4F72-943A-705B8A8EC992}.Release|x64.Build.0 = Release|Any CPU
		{278CC952-2FA6-4F72-943A-705B8A8EC992}.Release|x86.ActiveCfg = Release|Any CPU
		{278CC952-2FA6-4F72-943A-705B8A8EC992}.Release|x86.Build.0 = Release|Any CPU
		{25A06DAA-F8E2-410E-9242-BFF2CC3D6D9E}.Debug|Any CPU.ActiveCfg = Debug|Any CPU
		{25A06DAA-F8E2-410E-9242-BFF2CC3D6D9E}.Debug|Any CPU.Build.0 = Debug|Any CPU
		{25A06DAA-F8E2-410E-9242-BFF2CC3D6D9E}.Debug|x64.ActiveCfg = Debug|Any CPU
		{25A06DAA-F8E2-410E-9242-BFF2CC3D6D9E}.Debug|x64.Build.0 = Debug|Any CPU
		{25A06DAA-F8E2-410E-9242-BFF2CC3D6D9E}.Debug|x86.ActiveCfg = Debug|Any CPU
		{25A06DAA-F8E2-410E-9242-BFF2CC3D6D9E}.Debug|x86.Build.0 = Debug|Any CPU
		{25A06DAA-F8E2-410E-9242-BFF2CC3D6D9E}.Release|Any CPU.ActiveCfg = Release|Any CPU
		{25A06DAA-F8E2-410E-9242-BFF2CC3D6D9E}.Release|Any CPU.Build.0 = Release|Any CPU
		{25A06DAA-F8E2-410E-9242-BFF2CC3D6D9E}.Release|x64.ActiveCfg = Release|Any CPU
		{25A06DAA-F8E2-410E-9242-BFF2CC3D6D9E}.Release|x64.Build.0 = Release|Any CPU
		{25A06DAA-F8E2-410E-9242-BFF2CC3D6D9E}.Release|x86.ActiveCfg = Release|Any CPU
		{25A06DAA-F8E2-410E-9242-BFF2CC3D6D9E}.Release|x86.Build.0 = Release|Any CPU
		{1789F725-EF82-4E61-A342-86704752C5F3}.Debug|Any CPU.ActiveCfg = Debug|Any CPU
		{1789F725-EF82-4E61-A342-86704752C5F3}.Debug|Any CPU.Build.0 = Debug|Any CPU
		{1789F725-EF82-4E61-A342-86704752C5F3}.Debug|x64.ActiveCfg = Debug|Any CPU
		{1789F725-EF82-4E61-A342-86704752C5F3}.Debug|x64.Build.0 = Debug|Any CPU
		{1789F725-EF82-4E61-A342-86704752C5F3}.Debug|x86.ActiveCfg = Debug|Any CPU
		{1789F725-EF82-4E61-A342-86704752C5F3}.Debug|x86.Build.0 = Debug|Any CPU
		{1789F725-EF82-4E61-A342-86704752C5F3}.Release|Any CPU.ActiveCfg = Release|Any CPU
		{1789F725-EF82-4E61-A342-86704752C5F3}.Release|Any CPU.Build.0 = Release|Any CPU
		{1789F725-EF82-4E61-A342-86704752C5F3}.Release|x64.ActiveCfg = Release|Any CPU
		{1789F725-EF82-4E61-A342-86704752C5F3}.Release|x64.Build.0 = Release|Any CPU
		{1789F725-EF82-4E61-A342-86704752C5F3}.Release|x86.ActiveCfg = Release|Any CPU
		{1789F725-EF82-4E61-A342-86704752C5F3}.Release|x86.Build.0 = Release|Any CPU
		{03D35F42-97F4-40D3-88CC-33DBF08DFA35}.Debug|Any CPU.ActiveCfg = Debug|Any CPU
		{03D35F42-97F4-40D3-88CC-33DBF08DFA35}.Debug|Any CPU.Build.0 = Debug|Any CPU
		{03D35F42-97F4-40D3-88CC-33DBF08DFA35}.Debug|x64.ActiveCfg = Debug|Any CPU
		{03D35F42-97F4-40D3-88CC-33DBF08DFA35}.Debug|x64.Build.0 = Debug|Any CPU
		{03D35F42-97F4-40D3-88CC-33DBF08DFA35}.Debug|x86.ActiveCfg = Debug|Any CPU
		{03D35F42-97F4-40D3-88CC-33DBF08DFA35}.Debug|x86.Build.0 = Debug|Any CPU
		{03D35F42-97F4-40D3-88CC-33DBF08DFA35}.Release|Any CPU.ActiveCfg = Release|Any CPU
		{03D35F42-97F4-40D3-88CC-33DBF08DFA35}.Release|Any CPU.Build.0 = Release|Any CPU
		{03D35F42-97F4-40D3-88CC-33DBF08DFA35}.Release|x64.ActiveCfg = Release|Any CPU
		{03D35F42-97F4-40D3-88CC-33DBF08DFA35}.Release|x64.Build.0 = Release|Any CPU
		{03D35F42-97F4-40D3-88CC-33DBF08DFA35}.Release|x86.ActiveCfg = Release|Any CPU
		{03D35F42-97F4-40D3-88CC-33DBF08DFA35}.Release|x86.Build.0 = Release|Any CPU
		{85C5F640-81EF-4B0C-8FFB-BC5BFB6560C5}.Debug|Any CPU.ActiveCfg = Debug|Any CPU
		{85C5F640-81EF-4B0C-8FFB-BC5BFB6560C5}.Debug|Any CPU.Build.0 = Debug|Any CPU
		{85C5F640-81EF-4B0C-8FFB-BC5BFB6560C5}.Debug|x64.ActiveCfg = Debug|Any CPU
		{85C5F640-81EF-4B0C-8FFB-BC5BFB6560C5}.Debug|x64.Build.0 = Debug|Any CPU
		{85C5F640-81EF-4B0C-8FFB-BC5BFB6560C5}.Debug|x86.ActiveCfg = Debug|Any CPU
		{85C5F640-81EF-4B0C-8FFB-BC5BFB6560C5}.Debug|x86.Build.0 = Debug|Any CPU
		{85C5F640-81EF-4B0C-8FFB-BC5BFB6560C5}.Release|Any CPU.ActiveCfg = Release|Any CPU
		{85C5F640-81EF-4B0C-8FFB-BC5BFB6560C5}.Release|Any CPU.Build.0 = Release|Any CPU
		{85C5F640-81EF-4B0C-8FFB-BC5BFB6560C5}.Release|x64.ActiveCfg = Release|Any CPU
		{85C5F640-81EF-4B0C-8FFB-BC5BFB6560C5}.Release|x64.Build.0 = Release|Any CPU
		{85C5F640-81EF-4B0C-8FFB-BC5BFB6560C5}.Release|x86.ActiveCfg = Release|Any CPU
		{85C5F640-81EF-4B0C-8FFB-BC5BFB6560C5}.Release|x86.Build.0 = Release|Any CPU
		{CE56BF7E-0487-4306-961C-33475F2B4D29}.Debug|Any CPU.ActiveCfg = Debug|Any CPU
		{CE56BF7E-0487-4306-961C-33475F2B4D29}.Debug|Any CPU.Build.0 = Debug|Any CPU
		{CE56BF7E-0487-4306-961C-33475F2B4D29}.Debug|x64.ActiveCfg = Debug|Any CPU
		{CE56BF7E-0487-4306-961C-33475F2B4D29}.Debug|x64.Build.0 = Debug|Any CPU
		{CE56BF7E-0487-4306-961C-33475F2B4D29}.Debug|x86.ActiveCfg = Debug|Any CPU
		{CE56BF7E-0487-4306-961C-33475F2B4D29}.Debug|x86.Build.0 = Debug|Any CPU
		{CE56BF7E-0487-4306-961C-33475F2B4D29}.Release|Any CPU.ActiveCfg = Release|Any CPU
		{CE56BF7E-0487-4306-961C-33475F2B4D29}.Release|Any CPU.Build.0 = Release|Any CPU
		{CE56BF7E-0487-4306-961C-33475F2B4D29}.Release|x64.ActiveCfg = Release|Any CPU
		{CE56BF7E-0487-4306-961C-33475F2B4D29}.Release|x64.Build.0 = Release|Any CPU
		{CE56BF7E-0487-4306-961C-33475F2B4D29}.Release|x86.ActiveCfg = Release|Any CPU
		{CE56BF7E-0487-4306-961C-33475F2B4D29}.Release|x86.Build.0 = Release|Any CPU
	EndGlobalSection
	GlobalSection(SolutionProperties) = preSolution
		HideSolutionNode = FALSE
	EndGlobalSection
	GlobalSection(NestedProjects) = preSolution
		{278CC952-2FA6-4F72-943A-705B8A8EC992} = {827E0CD3-B72D-47B6-A68D-7590B98EB39B}
		{25A06DAA-F8E2-410E-9242-BFF2CC3D6D9E} = {827E0CD3-B72D-47B6-A68D-7590B98EB39B}
		{1789F725-EF82-4E61-A342-86704752C5F3} = {827E0CD3-B72D-47B6-A68D-7590B98EB39B}
		{03D35F42-97F4-40D3-88CC-33DBF08DFA35} = {827E0CD3-B72D-47B6-A68D-7590B98EB39B}
		{85C5F640-81EF-4B0C-8FFB-BC5BFB6560C5} = {827E0CD3-B72D-47B6-A68D-7590B98EB39B}
		{CE56BF7E-0487-4306-961C-33475F2B4D29} = {827E0CD3-B72D-47B6-A68D-7590B98EB39B}
	EndGlobalSection
EndGlobal
